
Microsoft Visual Studio Solution File, Format Version 12.00
# Visual Studio Version 17
VisualStudioVersion = 17.0.31903.59
MinimumVisualStudioVersion = 10.0.40219.1
Project("{FAE04EC0-301F-11D3-BF4B-00C04F79EFBC}") = "StockAnalyzer.Api", "StockAnalyzer.Api\StockAnalyzer.Api.csproj", "{5679EA4A-1629-4848-8BC0-45F8B42293AB}"
EndProject
Project("{FAE04EC0-301F-11D3-BF4B-00C04F79EFBC}") = "StockAnalyzer.Tests", "StockAnalyzer.Tests\StockAnalyzer.Tests.csproj", "{DF320E9E-0DAF-42C1-804D-55CA5F0F1544}"
EndProject
Global
	GlobalSection(SolutionConfigurationPlatforms) = preSolution
		Debug|Any CPU = Debug|Any CPU
		Release|Any CPU = Release|Any CPU
	EndGlobalSection
	GlobalSection(SolutionProperties) = preSolution
		HideSolutionNode = FALSE
	EndGlobalSection
	GlobalSection(ProjectConfigurationPlatforms) = postSolution
		{5679EA4A-1629-4848-8BC0-45F8B42293AB}.Debug|Any CPU.ActiveCfg = Debug|Any CPU
		{5679EA4A-1629-4848-8BC0-45F8B42293AB}.Debug|Any CPU.Build.0 = Debug|Any CPU
		{5679EA4A-1629-4848-8BC0-45F8B42293AB}.Release|Any CPU.ActiveCfg = Release|Any CPU
		{5679EA4A-1629-4848-8BC0-45F8B42293AB}.Release|Any CPU.Build.0 = Release|Any CPU
		{DF320E9E-0DAF-42C1-804D-55CA5F0F1544}.Debug|Any CPU.ActiveCfg = Debug|Any CPU
		{DF320E9E-0DAF-42C1-804D-55CA5F0F1544}.Debug|Any CPU.Build.0 = Debug|Any CPU
		{DF320E9E-0DAF-42C1-804D-55CA5F0F1544}.Release|Any CPU.ActiveCfg = Release|Any CPU
		{DF320E9E-0DAF-42C1-804D-55CA5F0F1544}.Release|Any CPU.Build.0 = Release|Any CPU
	EndGlobalSection
EndGlobal
